
Microsoft Visual Studio Solution File, Format Version 12.00
# Visual Studio Version 17
VisualStudioVersion = 17.3.32825.248
MinimumVisualStudioVersion = 10.0.40219.1
Project("{2150E333-8FDC-42A3-9474-1A3956D46DE8}") = "Impls", "Impls", "{31966F12-111A-4ED5-AE85-68778980BCC4}"
EndProject
Project("{9A19103F-16F7-4668-BE54-9A1E7A4F7556}") = "SaladimQBot.Shared", "SaladimQBot.Shared\SaladimQBot.Shared.csproj", "{5669C1B7-9BD5-4E13-8985-6987532D8BDD}"
EndProject
Project("{9A19103F-16F7-4668-BE54-9A1E7A4F7556}") = "EmptyTest", "EmptyTest\EmptyTest.csproj", "{A0C1B0F3-4D7A-4994-A31B-4DD1683FCEA7}"
EndProject
Project("{9A19103F-16F7-4668-BE54-9A1E7A4F7556}") = "SaladimQBot.GoCqHttp", "SaladimQBot.GoCqHttp\SaladimQBot.GoCqHttp.csproj", "{9237368C-335E-406C-B623-1F8E1DBA9FD5}"
EndProject
Project("{9A19103F-16F7-4668-BE54-9A1E7A4F7556}") = "SaladimConsole", "SaladimConsole\SaladimConsole.csproj", "{1B858AA3-15A0-4FBE-82E7-346AFDF791B3}"
EndProject
Project("{9A19103F-16F7-4668-BE54-9A1E7A4F7556}") = "SaladimQBot.Core", "SaladimQBot.Core\SaladimQBot.Core.csproj", "{09E162B2-3A57-452A-85FC-E987FEA08B92}"
EndProject
Project("{9A19103F-16F7-4668-BE54-9A1E7A4F7556}") = "SaladimQBot.GoCqHttpTests", "SaladimQBot.GoCqHttpTests\SaladimQBot.GoCqHttpTests.csproj", "{D57FC84C-8E88-4DAD-BDD8-51938B07618D}"
EndProject
Project("{9A19103F-16F7-4668-BE54-9A1E7A4F7556}") = "DocExample", "DocExample\DocExample.csproj", "{28234C10-C3B2-47ED-80C6-066A312A07EB}"
EndProject
Project("{2150E333-8FDC-42A3-9474-1A3956D46DE8}") = "Sample", "Sample", "{05FB3223-288E-44C3-87EC-FB9EAA1CE59B}"
EndProject
Project("{9A19103F-16F7-4668-BE54-9A1E7A4F7556}") = "SaladimWpf", "SaladimWpf\SaladimWpf.csproj", "{C11A1A6A-01B5-48E1-9094-E4A572491661}"
EndProject
Project("{9A19103F-16F7-4668-BE54-9A1E7A4F7556}") = "SaladimQBot.Extensions", "SaladimQBot.SimCommand\SaladimQBot.Extensions.csproj", "{D49431AA-904B-4D46-87F3-1BFD76EB915D}"
EndProject
Project("{2150E333-8FDC-42A3-9474-1A3956D46DE8}") = "Extensions", "Extensions", "{AA042957-43FF-4C51-B2AE-6C28D11D69DA}"
EndProject
Project("{9A19103F-16F7-4668-BE54-9A1E7A4F7556}") = "SaladimSimCmd", "SaladimSimCmd\SaladimSimCmd.csproj", "{BE914143-FF5B-4A58-B87C-782C577DEAB8}"
EndProject
Global
	GlobalSection(SolutionConfigurationPlatforms) = preSolution
		Debug|Any CPU = Debug|Any CPU
		Release|Any CPU = Release|Any CPU
	EndGlobalSection
	GlobalSection(ProjectConfigurationPlatforms) = postSolution
		{5669C1B7-9BD5-4E13-8985-6987532D8BDD}.Debug|Any CPU.ActiveCfg = Debug|Any CPU
		{5669C1B7-9BD5-4E13-8985-6987532D8BDD}.Debug|Any CPU.Build.0 = Debug|Any CPU
		{5669C1B7-9BD5-4E13-8985-6987532D8BDD}.Release|Any CPU.ActiveCfg = Release|Any CPU
		{5669C1B7-9BD5-4E13-8985-6987532D8BDD}.Release|Any CPU.Build.0 = Release|Any CPU
		{A0C1B0F3-4D7A-4994-A31B-4DD1683FCEA7}.Debug|Any CPU.ActiveCfg = Debug|Any CPU
		{A0C1B0F3-4D7A-4994-A31B-4DD1683FCEA7}.Debug|Any CPU.Build.0 = Debug|Any CPU
		{A0C1B0F3-4D7A-4994-A31B-4DD1683FCEA7}.Release|Any CPU.ActiveCfg = Release|Any CPU
		{A0C1B0F3-4D7A-4994-A31B-4DD1683FCEA7}.Release|Any CPU.Build.0 = Release|Any CPU
		{9237368C-335E-406C-B623-1F8E1DBA9FD5}.Debug|Any CPU.ActiveCfg = Debug|Any CPU
		{9237368C-335E-406C-B623-1F8E1DBA9FD5}.Debug|Any CPU.Build.0 = Debug|Any CPU
		{9237368C-335E-406C-B623-1F8E1DBA9FD5}.Release|Any CPU.ActiveCfg = Release|Any CPU
		{9237368C-335E-406C-B623-1F8E1DBA9FD5}.Release|Any CPU.Build.0 = Release|Any CPU
		{1B858AA3-15A0-4FBE-82E7-346AFDF791B3}.Debug|Any CPU.ActiveCfg = Debug|Any CPU
		{1B858AA3-15A0-4FBE-82E7-346AFDF791B3}.Debug|Any CPU.Build.0 = Debug|Any CPU
		{1B858AA3-15A0-4FBE-82E7-346AFDF791B3}.Release|Any CPU.ActiveCfg = Release|Any CPU
		{1B858AA3-15A0-4FBE-82E7-346AFDF791B3}.Release|Any CPU.Build.0 = Release|Any CPU
		{09E162B2-3A57-452A-85FC-E987FEA08B92}.Debug|Any CPU.ActiveCfg = Debug|Any CPU
		{09E162B2-3A57-452A-85FC-E987FEA08B92}.Debug|Any CPU.Build.0 = Debug|Any CPU
		{09E162B2-3A57-452A-85FC-E987FEA08B92}.Release|Any CPU.ActiveCfg = Release|Any CPU
		{09E162B2-3A57-452A-85FC-E987FEA08B92}.Release|Any CPU.Build.0 = Release|Any CPU
		{D57FC84C-8E88-4DAD-BDD8-51938B07618D}.Debug|Any CPU.ActiveCfg = Debug|Any CPU
		{D57FC84C-8E88-4DAD-BDD8-51938B07618D}.Debug|Any CPU.Build.0 = Debug|Any CPU
		{D57FC84C-8E88-4DAD-BDD8-51938B07618D}.Release|Any CPU.ActiveCfg = Release|Any CPU
		{D57FC84C-8E88-4DAD-BDD8-51938B07618D}.Release|Any CPU.Build.0 = Release|Any CPU
		{28234C10-C3B2-47ED-80C6-066A312A07EB}.Debug|Any CPU.ActiveCfg = Debug|Any CPU
		{28234C10-C3B2-47ED-80C6-066A312A07EB}.Debug|Any CPU.Build.0 = Debug|Any CPU
		{28234C10-C3B2-47ED-80C6-066A312A07EB}.Release|Any CPU.ActiveCfg = Release|Any CPU
		{28234C10-C3B2-47ED-80C6-066A312A07EB}.Release|Any CPU.Build.0 = Release|Any CPU
		{C11A1A6A-01B5-48E1-9094-E4A572491661}.Debug|Any CPU.ActiveCfg = Debug|Any CPU
		{C11A1A6A-01B5-48E1-9094-E4A572491661}.Debug|Any CPU.Build.0 = Debug|Any CPU
		{C11A1A6A-01B5-48E1-9094-E4A572491661}.Release|Any CPU.ActiveCfg = Release|Any CPU
		{C11A1A6A-01B5-48E1-9094-E4A572491661}.Release|Any CPU.Build.0 = Release|Any CPU
		{D49431AA-904B-4D46-87F3-1BFD76EB915D}.Debug|Any CPU.ActiveCfg = Debug|Any CPU
		{D49431AA-904B-4D46-87F3-1BFD76EB915D}.Debug|Any CPU.Build.0 = Debug|Any CPU
		{D49431AA-904B-4D46-87F3-1BFD76EB915D}.Release|Any CPU.ActiveCfg = Release|Any CPU
		{D49431AA-904B-4D46-87F3-1BFD76EB915D}.Release|Any CPU.Build.0 = Release|Any CPU
		{BE914143-FF5B-4A58-B87C-782C577DEAB8}.Debug|Any CPU.ActiveCfg = Debug|Any CPU
		{BE914143-FF5B-4A58-B87C-782C577DEAB8}.Debug|Any CPU.Build.0 = Debug|Any CPU
		{BE914143-FF5B-4A58-B87C-782C577DEAB8}.Release|Any CPU.ActiveCfg = Release|Any CPU
		{BE914143-FF5B-4A58-B87C-782C577DEAB8}.Release|Any CPU.Build.0 = Release|Any CPU
	EndGlobalSection
	GlobalSection(SolutionProperties) = preSolution
		HideSolutionNode = FALSE
	EndGlobalSection
	GlobalSection(NestedProjects) = preSolution
		{5669C1B7-9BD5-4E13-8985-6987532D8BDD} = {31966F12-111A-4ED5-AE85-68778980BCC4}
		{A0C1B0F3-4D7A-4994-A31B-4DD1683FCEA7} = {05FB3223-288E-44C3-87EC-FB9EAA1CE59B}
		{9237368C-335E-406C-B623-1F8E1DBA9FD5} = {31966F12-111A-4ED5-AE85-68778980BCC4}
		{1B858AA3-15A0-4FBE-82E7-346AFDF791B3} = {05FB3223-288E-44C3-87EC-FB9EAA1CE59B}
		{D57FC84C-8E88-4DAD-BDD8-51938B07618D} = {31966F12-111A-4ED5-AE85-68778980BCC4}
		{28234C10-C3B2-47ED-80C6-066A312A07EB} = {05FB3223-288E-44C3-87EC-FB9EAA1CE59B}
		{C11A1A6A-01B5-48E1-9094-E4A572491661} = {05FB3223-288E-44C3-87EC-FB9EAA1CE59B}
		{D49431AA-904B-4D46-87F3-1BFD76EB915D} = {AA042957-43FF-4C51-B2AE-6C28D11D69DA}
		{BE914143-FF5B-4A58-B87C-782C577DEAB8} = {05FB3223-288E-44C3-87EC-FB9EAA1CE59B}
	EndGlobalSection
	GlobalSection(ExtensibilityGlobals) = postSolution
		SolutionGuid = {612B179E-32CD-435F-9215-B57FD852A862}
	EndGlobalSection
EndGlobal
